{
  "name": "view-ui",
  "version": "3.0.0-beta.10",
  "lockfileVersion": 2,
  "requires": true,
  "packages": {
    "": {
      "name": "view-ui",
      "version": "3.0.0-beta.10",
      "license": "ISC",
      "dependencies": {
        "dayjs": "^1.8.36"
      },
      "devDependencies": {}
    },
    "node_modules/dayjs": {
      "version": "1.10.6",
      "resolved": "https://registry.npmjs.org/dayjs/-/dayjs-1.10.6.tgz",
      "integrity": "sha512-AztC/IOW4L1Q41A86phW5Thhcrco3xuAA+YX/BLpLWWjRcTj5TOt/QImBLmCKlrF7u7k47arTnOyL6GnbG8Hvw==",
      "license": "MIT"
    }
  },
  "dependencies": {
    "dayjs": {
      "version": "1.10.6",
      "resolved": "https://registry.npmjs.org/dayjs/-/dayjs-1.10.6.tgz",
      "integrity": "sha512-AztC/IOW4L1Q41A86phW5Thhcrco3xuAA+YX/BLpLWWjRcTj5TOt/QImBLmCKlrF7u7k47arTnOyL6GnbG8Hvw=="
    }
  }
}
